# THIS IS AN AUTOGENERATED FILE. DO NOT EDIT THIS FILE DIRECTLY.
# yarn lockfile v1


"@cowtech/favo@^0.8.0":
  version "0.8.0"
  resolved "https://registry.yarnpkg.com/@cowtech/favo/-/favo-0.8.0.tgz#cecfb966efc563b3fb1977fd6759db10b77c57f6"
  integrity sha512-pkxcCyImp/P168c3m6Xa6X9T53UL/6XUjLPqyBWzmdklR03ybiw1jQwmhUzUBAId0VcmnTU0J3vSIP8FTC4Llg==
  dependencies:
    ajv "^6.7.0"
    boom "^7.3.0"
    glob "^7.1.3"
    http-status-codes "^1.3.0"
    lodash.get "^4.4.2"
    lodash.omit "^4.5.0"
    lodash.set "^4.3.2"
    lodash.upperfirst "^4.3.1"

"@cowtech/tslint-config@^5.12.2":
  version "5.12.2"
  resolved "https://registry.yarnpkg.com/@cowtech/tslint-config/-/tslint-config-5.12.2.tgz#5bc1f7f7061e814dc0b7ae392886b41d481d240f"
  integrity sha512-szFVtcmy6fwtsJpId3Uak30ugb2ZnMppn+zNXoZJ1Jpd5yuxdMFKevkpGH0NG/e8S33qm7li2odMJsth4FFyTg==
  dependencies:
    tslint "^5.12.1"
    tslint-config-standard "^8.0.1"
    tslint-react "^3.6.0"
    typescript "^3.2.2"

"@types/boom@^7.2.1":
  version "7.2.1"
  resolved "https://registry.yarnpkg.com/@types/boom/-/boom-7.2.1.tgz#a21e21ba08cc49d17b26baef98e1a77ee4d6cdb0"
  integrity sha512-kOiap+kSa4DPoookJXQGQyKy1rjZ55tgfKAh9F0m1NUdukkcwVzpSnXPMH42a5L+U++ugdQlh/xFJu/WAdr1aw==

"@types/lodash.get@^4.4.4":
  version "4.4.4"
  resolved "https://registry.yarnpkg.com/@types/lodash.get/-/lodash.get-4.4.4.tgz#34b67841594e4ddc8853341d65e971a38cb4e2f0"
  integrity sha512-6igkhtKoWAEvTWCgd5uubiuxXLUY/kljQOQZV1G5Y7SrivpmCU+NWG5tGLgRBkccobrDljbJYzBM2vgCG4Oc8Q==
  dependencies:
    "@types/lodash" "*"

"@types/lodash.omit@^4.5.4":
  version "4.5.4"
  resolved "https://registry.yarnpkg.com/@types/lodash.omit/-/lodash.omit-4.5.4.tgz#d5c14e264c4cb032b9f2d2638e3702adb52d2380"
  integrity sha512-hv7Q3zXtRW+ruFC4Dp2y8AwMEyj6jiJHumDSnfCHNzE6HmFT8p7moTklM7Jzk+RJNKHfioJDnWHpv8GTnGXRnQ==
  dependencies:
    "@types/lodash" "*"

"@types/lodash.set@^4.3.4":
  version "4.3.4"
  resolved "https://registry.yarnpkg.com/@types/lodash.set/-/lodash.set-4.3.4.tgz#ef11a971c7d3858e74fa6f745b4b69b2256f6c07"
  integrity sha512-oY+y8V6Bg69q4U4eDhR7K177gE76I2Zb40OMHb+epTwo6RMGXeJpY7sKN7xrzvr1aXxPsfS50pvKVlcRq34JPQ==
  dependencies:
    "@types/lodash" "*"

"@types/lodash@*":
  version "4.14.120"
  resolved "https://registry.yarnpkg.com/@types/lodash/-/lodash-4.14.120.tgz#cf265d06f6c7a710db087ed07523ab8c1a24047b"
  integrity sha512-jQ21kQ120mo+IrDs1nFNVm/AsdFxIx2+vZ347DbogHJPd/JzKNMOqU6HCYin1W6v8l5R9XSO2/e9cxmn7HAnVw==

"@types/node@^10.12.18":
  version "10.12.18"
  resolved "https://registry.yarnpkg.com/@types/node/-/node-10.12.18.tgz#1d3ca764718915584fcd9f6344621b7672665c67"
  integrity sha512-fh+pAqt4xRzPfqA6eh3Z2y6fyZavRIumvjhaCL753+TVkGKGhpPeyrJG2JftD0T9q4GF00KjefsQ+PQNDdWQaQ==

abstract-logging@^1.0.0:
  version "1.0.0"
  resolved "https://registry.yarnpkg.com/abstract-logging/-/abstract-logging-1.0.0.tgz#8b7deafd310559bc28f77724dd1bb30177278c1b"
  integrity sha1-i33q/TEFWbwo93ck3RuzAXcnjBs=

ajv@^6.0.0, ajv@^6.5.4, ajv@^6.6.0, ajv@^6.7.0:
  version "6.7.0"
  resolved "https://registry.yarnpkg.com/ajv/-/ajv-6.7.0.tgz#e3ce7bb372d6577bb1839f1dfdfcbf5ad2948d96"
  integrity sha512-RZXPviBTtfmtka9n9sy1N5M5b82CbxWIR6HIis4s3WQTXDJamc/0gpCWNGz6EWdWp4DOfjzJfhz/AS9zVPjjWg==
  dependencies:
    fast-deep-equal "^2.0.1"
    fast-json-stable-stringify "^2.0.0"
    json-schema-traverse "^0.4.1"
    uri-js "^4.2.2"

ansi-regex@^2.0.0:
  version "2.1.1"
  resolved "https://registry.yarnpkg.com/ansi-regex/-/ansi-regex-2.1.1.tgz#c3b33ab5ee360d86e0e628f0468ae7ef27d654df"
  integrity sha1-w7M6te42DYbg5ijwRorn7yfWVN8=

ansi-styles@^2.2.1:
  version "2.2.1"
  resolved "https://registry.yarnpkg.com/ansi-styles/-/ansi-styles-2.2.1.tgz#b432dd3358b634cf75e1e4664368240533c1ddbe"
  integrity sha1-tDLdM1i2NM914eRmQ2gkBTPB3b4=

ansi-styles@^3.2.1:
  version "3.2.1"
  resolved "https://registry.yarnpkg.com/ansi-styles/-/ansi-styles-3.2.1.tgz#41fbb20243e50b12be0f04b8dedbf07520ce841d"
  integrity sha512-VT0ZI6kZRdTh8YyJw3SMbYm/u+NqfsAxEpWO0Pf9sq8/e94WxxOpPKx9FR1FlyCtOVDNOQ+8ntlqFxiRc+r5qA==
  dependencies:
    color-convert "^1.9.0"

arg@^4.1.0:
  version "4.1.0"
  resolved "https://registry.yarnpkg.com/arg/-/arg-4.1.0.tgz#583c518199419e0037abb74062c37f8519e575f0"
  integrity sha512-ZWc51jO3qegGkVh8Hwpv636EkbesNV5ZNQPCtRa+0qytRYPEs9IYT9qITY9buezqUH5uqyzlWLcufrzU2rffdg==

argparse@^1.0.7:
  version "1.0.10"
  resolved "https://registry.yarnpkg.com/argparse/-/argparse-1.0.10.tgz#bcd6791ea5ae09725e17e5ad988134cd40b3d911"
  integrity sha512-o5Roy6tNG4SL/FOkCAN6RzjiakZS25RLYFrcMttJqbdd8BWrnA+fGz57iN5Pb06pvBGvl5gQ0B48dJlslXvoTg==
  dependencies:
    sprintf-js "~1.0.2"

avvio@^6.0.0:
  version "6.0.0"
  resolved "https://registry.yarnpkg.com/avvio/-/avvio-6.0.0.tgz#e361ec7df574410cf29b444076fc45b15bb14bbd"
  integrity sha512-QufvuDYOT1J/RNTD5TLZaGYPDpXD43nliJLMBaDSCR2Of6+rI2MzGoqncec78kt1ok2OInmn0d1BYjhYyBIqVg==
  dependencies:
    debug "^4.0.0"
    fastq "^1.6.0"

babel-code-frame@^6.22.0:
  version "6.26.0"
  resolved "https://registry.yarnpkg.com/babel-code-frame/-/babel-code-frame-6.26.0.tgz#63fd43f7dc1e3bb7ce35947db8fe369a3f58c74b"
  integrity sha1-Y/1D99weO7fONZR9uP42mj9Yx0s=
  dependencies:
    chalk "^1.1.3"
    esutils "^2.0.2"
    js-tokens "^3.0.2"

balanced-match@^1.0.0:
  version "1.0.0"
  resolved "https://registry.yarnpkg.com/balanced-match/-/balanced-match-1.0.0.tgz#89b4d199ab2bee49de164ea02b89ce462d71b767"
  integrity sha1-ibTRmasr7kneFk6gK4nORi1xt2c=

boom@^7.3.0:
  version "7.3.0"
  resolved "https://registry.yarnpkg.com/boom/-/boom-7.3.0.tgz#733a6d956d33b0b1999da3fe6c12996950d017b9"
  integrity sha512-Swpoyi2t5+GhOEGw8rEsKvTxFLIDiiKoUc2gsoV6Lyr43LHBIzch3k2MvYUs8RTROrIkVJ3Al0TkaOGjnb+B6A==
  dependencies:
    hoek "6.x.x"

brace-expansion@^1.1.7:
  version "1.1.11"
  resolved "https://registry.yarnpkg.com/brace-expansion/-/brace-expansion-1.1.11.tgz#3c7fcbf529d87226f3d2f52b966ff5271eb441dd"
  integrity sha512-iCuPHDFgrHX7H2vEI/5xpz07zSHB00TpugqhmYtVmMO6518mCuRMoOYFldEBl0g187ufozdaHgWKcYFb61qGiA==
  dependencies:
    balanced-match "^1.0.0"
    concat-map "0.0.1"

buffer-from@^1.0.0:
  version "1.1.1"
  resolved "https://registry.yarnpkg.com/buffer-from/-/buffer-from-1.1.1.tgz#32713bc028f75c02fdb710d7c7bcec1f2c6070ef"
  integrity sha512-MQcXEUbCKtEo7bhqEs6560Hyd4XaovZlO/k9V3hjVUF/zwW7KBVdSK4gIt/bzwS9MbR5qob+F5jusZsb0YQK2A==

builtin-modules@^1.1.1:
  version "1.1.1"
  resolved "https://registry.yarnpkg.com/builtin-modules/-/builtin-modules-1.1.1.tgz#270f076c5a72c02f5b65a47df94c5fe3a278892f"
  integrity sha1-Jw8HbFpywC9bZaR9+Uxf46J4iS8=

chalk@^1.1.3:
  version "1.1.3"
  resolved "https://registry.yarnpkg.com/chalk/-/chalk-1.1.3.tgz#a8115c55e4a702fe4d150abd3872822a7e09fc98"
  integrity sha1-qBFcVeSnAv5NFQq9OHKCKn4J/Jg=
  dependencies:
    ansi-styles "^2.2.1"
    escape-string-regexp "^1.0.2"
    has-ansi "^2.0.0"
    strip-ansi "^3.0.0"
    supports-color "^2.0.0"

chalk@^2.3.0:
  version "2.4.2"
  resolved "https://registry.yarnpkg.com/chalk/-/chalk-2.4.2.tgz#cd42541677a54333cf541a49108c1432b44c9424"
  integrity sha512-Mti+f9lpJNcwF4tWV8/OrTTtF1gZi+f8FqlyAdouralcFWFQWF2+NgCHShjkCb+IFBLq9buZwE1xckQU4peSuQ==
  dependencies:
    ansi-styles "^3.2.1"
    escape-string-regexp "^1.0.5"
    supports-color "^5.3.0"

color-convert@^1.9.0:
  version "1.9.3"
  resolved "https://registry.yarnpkg.com/color-convert/-/color-convert-1.9.3.tgz#bb71850690e1f136567de629d2d5471deda4c1e8"
  integrity sha512-QfAUtd+vFdAtFQcC8CCyYt1fYWxSqAiK2cSD6zDB8N3cpsEBAvRxp9zOGg6G/SHHJYAT88/az/IuDGALsNVbGg==
  dependencies:
    color-name "1.1.3"

color-name@1.1.3:
  version "1.1.3"
  resolved "https://registry.yarnpkg.com/color-name/-/color-name-1.1.3.tgz#a7d0558bd89c42f795dd42328f740831ca53bc25"
  integrity sha1-p9BVi9icQveV3UIyj3QIMcpTvCU=

commander@^2.12.1:
  version "2.19.0"
  resolved "https://registry.yarnpkg.com/commander/-/commander-2.19.0.tgz#f6198aa84e5b83c46054b94ddedbfed5ee9ff12a"
  integrity sha512-6tvAOO+D6OENvRAh524Dh9jcfKTYDQAqvqezbCW82xj5X0pSrcpxtvRKHLG0yBY6SD7PSDrJaj+0AiOcKVd1Xg==

concat-map@0.0.1:
  version "0.0.1"
  resolved "https://registry.yarnpkg.com/concat-map/-/concat-map-0.0.1.tgz#d8a96bd77fd68df7793a73036a3ba0d5405d477b"
  integrity sha1-2Klr13/Wjfd5OnMDajug1UBdR3s=

debug@2.6.9:
  version "2.6.9"
  resolved "https://registry.yarnpkg.com/debug/-/debug-2.6.9.tgz#5d128515df134ff327e90a4c93f4e077a536341f"
  integrity sha512-bC7ElrdJaJnPbAP+1EotYvqZsb3ecl5wi6Bfi6BJTUcNowp6cvspg0jXznRTKDjm/E7AdgFBVeAPVMNcKGsHMA==
  dependencies:
    ms "2.0.0"

debug@^4.0.0:
  version "4.1.1"
  resolved "https://registry.yarnpkg.com/debug/-/debug-4.1.1.tgz#3b72260255109c6b589cee050f1d516139664791"
  integrity sha512-pYAIzeRo8J6KPEaJ0VWOh5Pzkbw/RetuzehGM7QRRX5he4fPHx2rdKMB256ehJCkX+XRQm16eZLqLNS8RSZXZw==
  dependencies:
    ms "^2.1.1"

deepmerge@^3.0.0:
  version "3.1.0"
  resolved "https://registry.yarnpkg.com/deepmerge/-/deepmerge-3.1.0.tgz#a612626ce4803da410d77554bfd80361599c034d"
  integrity sha512-/TnecbwXEdycfbsM2++O3eGiatEFHjjNciHEwJclM+T5Kd94qD1AP+2elP/Mq0L5b9VZJao5znR01Mz6eX8Seg==

depd@~1.1.2:
  version "1.1.2"
  resolved "https://registry.yarnpkg.com/depd/-/depd-1.1.2.tgz#9bcd52e14c097763e749b274c4346ed2e560b5a9"
  integrity sha1-m81S4UwJd2PnSbJ0xDRu0uVgtak=

destroy@~1.0.4:
  version "1.0.4"
  resolved "https://registry.yarnpkg.com/destroy/-/destroy-1.0.4.tgz#978857442c44749e4206613e37946205826abd80"
  integrity sha1-l4hXRCxEdJ5CBmE+N5RiBYJqvYA=

diff@^3.1.0, diff@^3.2.0:
  version "3.5.0"
  resolved "https://registry.yarnpkg.com/diff/-/diff-3.5.0.tgz#800c0dd1e0a8bfbc95835c202ad220fe317e5a12"
  integrity sha512-A46qtFgd+g7pDZinpnwiRJtxbC1hpgf0uzP3iG89scHk0AUC7A1TGxf5OiiOUv/JMZR8GOt8hL900hV0bOy5xA==

doctrine@0.7.2:
  version "0.7.2"
  resolved "https://registry.yarnpkg.com/doctrine/-/doctrine-0.7.2.tgz#7cb860359ba3be90e040b26b729ce4bfa654c523"
  integrity sha1-fLhgNZujvpDgQLJrcpzkv6ZUxSM=
  dependencies:
    esutils "^1.1.6"
    isarray "0.0.1"

ee-first@1.1.1:
  version "1.1.1"
  resolved "https://registry.yarnpkg.com/ee-first/-/ee-first-1.1.1.tgz#590c61156b0ae2f4f0255732a158b266bc56b21d"
  integrity sha1-WQxhFWsK4vTwJVcyoViyZrxWsh0=

encodeurl@~1.0.2:
  version "1.0.2"
  resolved "https://registry.yarnpkg.com/encodeurl/-/encodeurl-1.0.2.tgz#ad3ff4c86ec2d029322f5a02c3a9a606c95b3f59"
  integrity sha1-rT/0yG7C0CkyL1oCw6mmBslbP1k=

end-of-stream@^1.4.1:
  version "1.4.1"
  resolved "https://registry.yarnpkg.com/end-of-stream/-/end-of-stream-1.4.1.tgz#ed29634d19baba463b6ce6b80a37213eab71ec43"
  integrity sha512-1MkrZNvWTKCaigbn+W15elq2BB/L22nqrSY5DKlo3X6+vclJm8Bb5djXJBmEX6fS3+zCh/F4VBK5Z2KxJt4s2Q==
  dependencies:
    once "^1.4.0"

escape-html@~1.0.3:
  version "1.0.3"
  resolved "https://registry.yarnpkg.com/escape-html/-/escape-html-1.0.3.tgz#0258eae4d3d0c0974de1c169188ef0051d1d1988"
  integrity sha1-Aljq5NPQwJdN4cFpGI7wBR0dGYg=

escape-string-regexp@^1.0.2, escape-string-regexp@^1.0.5:
  version "1.0.5"
  resolved "https://registry.yarnpkg.com/escape-string-regexp/-/escape-string-regexp-1.0.5.tgz#1b61c0562190a8dff6ae3bb2cf0200ca130b86d4"
  integrity sha1-G2HAViGQqN/2rjuyzwIAyhMLhtQ=

esprima@^4.0.0:
  version "4.0.1"
  resolved "https://registry.yarnpkg.com/esprima/-/esprima-4.0.1.tgz#13b04cdb3e6c5d19df91ab6987a8695619b0aa71"
  integrity sha512-eGuFFw7Upda+g4p+QHvnW0RyTX/SVeJBDM/gCtMARO0cLuT2HcEKnTPvhjV6aGeqrCB/sbNop0Kszm0jsaWU4A==

esutils@^1.1.6:
  version "1.1.6"
  resolved "https://registry.yarnpkg.com/esutils/-/esutils-1.1.6.tgz#c01ccaa9ae4b897c6d0c3e210ae52f3c7a844375"
  integrity sha1-wBzKqa5LiXxtDD4hCuUvPHqEQ3U=

esutils@^2.0.2:
  version "2.0.2"
  resolved "https://registry.yarnpkg.com/esutils/-/esutils-2.0.2.tgz#0abf4f1caa5bcb1f7a9d8acc6dea4faaa04bac9b"
  integrity sha1-Cr9PHKpbyx96nYrMbepPqqBLrJs=

etag@~1.8.1:
  version "1.8.1"
  resolved "https://registry.yarnpkg.com/etag/-/etag-1.8.1.tgz#41ae2eeb65efa62268aebfea83ac7d79299b0887"
  integrity sha1-Qa4u62XvpiJorr/qg6x9eSmbCIc=

fast-decode-uri-component@^1.0.0:
  version "1.0.0"
  resolved "https://registry.yarnpkg.com/fast-decode-uri-component/-/fast-decode-uri-component-1.0.0.tgz#7ce10336aa4b26286fee93d71e6785ff0f596a33"
  integrity sha512-WQSYVKn6tDW/3htASeUkrx5LcnuTENQIZQPCVlwdnvIJ7bYtSpoJYq38MgUJnx1CQIR1gjZ8HJxAEcN4gqugBg==

fast-deep-equal@^2.0.1:
  version "2.0.1"
  resolved "https://registry.yarnpkg.com/fast-deep-equal/-/fast-deep-equal-2.0.1.tgz#7b05218ddf9667bf7f370bf7fdb2cb15fdd0aa49"
  integrity sha1-ewUhjd+WZ79/Nwv3/bLLFf3Qqkk=

fast-json-stable-stringify@^2.0.0:
  version "2.0.0"
  resolved "https://registry.yarnpkg.com/fast-json-stable-stringify/-/fast-json-stable-stringify-2.0.0.tgz#d5142c0caee6b1189f87d3a76111064f86c8bbf2"
  integrity sha1-1RQsDK7msRifh9OnYREGT4bIu/I=

fast-json-stringify@^1.9.1:
  version "1.10.0"
  resolved "https://registry.yarnpkg.com/fast-json-stringify/-/fast-json-stringify-1.10.0.tgz#207242b7e26f0b981cc198bf904e321a9b4db95f"
  integrity sha512-qO+GSdwCQHXJjoRbS/pYJzzz8BNUrCk0jdPhDg68mdIG/hOC0k66PUKFz300LAH42vNQkuPFvpwa0JV44ZG3Uw==
  dependencies:
    ajv "^6.5.4"
    deepmerge "^3.0.0"

fast-redact@^1.4.2:
  version "1.4.2"
  resolved "https://registry.yarnpkg.com/fast-redact/-/fast-redact-1.4.2.tgz#14989f452ee07f0723fbb483ee778d363135b7ad"
  integrity sha512-ttC8IgelNvYqb9RBC+rirgUCVPtPVonfdeRdsHBcBx3kzQat1DafbUKAEhLo5GnvuBqda+Xe1BvblecPpQkZ2Q==

fast-safe-stringify@^2.0.6:
  version "2.0.6"
  resolved "https://registry.yarnpkg.com/fast-safe-stringify/-/fast-safe-stringify-2.0.6.tgz#04b26106cc56681f51a044cfc0d76cf0008ac2c2"
  integrity sha512-q8BZ89jjc+mz08rSxROs8VsrBBcn1SIw1kq9NjolL509tkABRk9io01RAjSaEv1Xb2uFLt8VtRiZbGp5H8iDtg==

fastify-plugin@^1.2.0, fastify-plugin@^1.4.0:
  version "1.4.0"
  resolved "https://registry.yarnpkg.com/fastify-plugin/-/fastify-plugin-1.4.0.tgz#9f63ffc304a2f34e890773e78d2ba6908536e5b2"
  integrity sha512-l6uqDyBp3gBjLQRAi3j2NwSvlbe9LuqULZugnO9iRFfYHWd2SpsZBLI1l4Jakk0VMGfYlB322JPIPYh/2qSHig==
  dependencies:
    semver "^5.5.0"

fastify-static@^2.1.0:
  version "2.1.0"
  resolved "https://registry.yarnpkg.com/fastify-static/-/fastify-static-2.1.0.tgz#93f9f3874b6620e2e028819347925859b9ab17a5"
  integrity sha512-KAeY3QrypqLiFib4ptuzT4NNpg9mzR4GBW+tFZ4HtgpBxbLCSs2e0/eCPCntyUAui5yxc5aITPTH4kcWfHgr2Q==
  dependencies:
    fastify-plugin "^1.2.0"
    glob "^7.1.3"
    readable-stream "^3.0.2"
    send "^0.16.0"

"fastify@git+ssh://git@github.com:ShogunPanda/fastify#pre-serialization-hook":
  version "2.0.0-rc.4"
  resolved "git+ssh://git@github.com:ShogunPanda/fastify#743eaef2f6c75b4ab424933b68f4c598dac1f760"
  dependencies:
    abstract-logging "^1.0.0"
    ajv "^6.6.0"
    avvio "^6.0.0"
    end-of-stream "^1.4.1"
    fast-json-stringify "^1.9.1"
    find-my-way "^1.15.4"
    flatstr "^1.0.8"
    light-my-request "^3.0.0"
    middie "^4.0.0"
    pino "^5.0.0"
    proxy-addr "^2.0.3"
    tiny-lru "^5.0.1"

fastq@^1.6.0:
  version "1.6.0"
  resolved "https://registry.yarnpkg.com/fastq/-/fastq-1.6.0.tgz#4ec8a38f4ac25f21492673adb7eae9cfef47d1c2"
  integrity sha512-jmxqQ3Z/nXoeyDmWAzF9kH1aGZSis6e/SbfPmJpUnyZ0ogr6iscHQaml4wsEepEWSdtmpy+eVXmCRIMpxaXqOA==
  dependencies:
    reusify "^1.0.0"

find-my-way@^1.15.4:
  version "1.17.1"
  resolved "https://registry.yarnpkg.com/find-my-way/-/find-my-way-1.17.1.tgz#215218a14f55afa9c51cb7e3201b87bf6f280101"
  integrity sha512-La/ZNjDDkWMIHNTKWqh03GmzO7Sj1wAR+7vAuGEq86mpQ0gA9IRh1dgVT4wOKqXqOq+w8zPVcxKvlLv2vxOFQA==
  dependencies:
    fast-decode-uri-component "^1.0.0"
    safe-regex "^1.1.0"
    semver-store "^0.3.0"

flatstr@^1.0.8, flatstr@^1.0.9:
  version "1.0.9"
  resolved "https://registry.yarnpkg.com/flatstr/-/flatstr-1.0.9.tgz#0950d56fec02de1030c1311847ecd58c25690eb9"
  integrity sha512-qFlJnOBWDfIaunF54/lBqNKmXOI0HqNhu+mHkLmbaBXlS71PUd9OjFOdyevHt/aHoHB1+eW7eKHgRKOG5aHSpw==

forwarded@~0.1.2:
  version "0.1.2"
  resolved "https://registry.yarnpkg.com/forwarded/-/forwarded-0.1.2.tgz#98c23dab1175657b8c0573e8ceccd91b0ff18c84"
  integrity sha1-mMI9qxF1ZXuMBXPozszZGw/xjIQ=

fresh@0.5.2:
  version "0.5.2"
  resolved "https://registry.yarnpkg.com/fresh/-/fresh-0.5.2.tgz#3d8cadd90d976569fa835ab1f8e4b23a105605a7"
  integrity sha1-PYyt2Q2XZWn6g1qx+OSyOhBWBac=

fs.realpath@^1.0.0:
  version "1.0.0"
  resolved "https://registry.yarnpkg.com/fs.realpath/-/fs.realpath-1.0.0.tgz#1504ad2523158caa40db4a2787cb01411994ea4f"
  integrity sha1-FQStJSMVjKpA20onh8sBQRmU6k8=

glob@^7.1.1, glob@^7.1.3:
  version "7.1.3"
  resolved "https://registry.yarnpkg.com/glob/-/glob-7.1.3.tgz#3960832d3f1574108342dafd3a67b332c0969df1"
  integrity sha512-vcfuiIxogLV4DlGBHIUOwI0IbrJ8HWPc4MU7HzviGeNho/UJDfi6B5p3sHeWIQ0KGIU0Jpxi5ZHxemQfLkkAwQ==
  dependencies:
    fs.realpath "^1.0.0"
    inflight "^1.0.4"
    inherits "2"
    minimatch "^3.0.4"
    once "^1.3.0"
    path-is-absolute "^1.0.0"

has-ansi@^2.0.0:
  version "2.0.0"
  resolved "https://registry.yarnpkg.com/has-ansi/-/has-ansi-2.0.0.tgz#34f5049ce1ecdf2b0649af3ef24e45ed35416d91"
  integrity sha1-NPUEnOHs3ysGSa8+8k5F7TVBbZE=
  dependencies:
    ansi-regex "^2.0.0"

has-flag@^3.0.0:
  version "3.0.0"
  resolved "https://registry.yarnpkg.com/has-flag/-/has-flag-3.0.0.tgz#b5d454dc2199ae225699f3467e5a07f3b955bafd"
  integrity sha1-tdRU3CGZriJWmfNGfloH87lVuv0=

hoek@6.x.x:
  version "6.1.2"
  resolved "https://registry.yarnpkg.com/hoek/-/hoek-6.1.2.tgz#99e6d070561839de74ee427b61aa476bd6bddfd6"
  integrity sha512-6qhh/wahGYZHFSFw12tBbJw5fsAhhwrrG/y3Cs0YMTv2WzMnL0oLPnQJjv1QJvEfylRSOFuP+xCu+tdx0tD16Q==

http-errors@~1.6.2:
  version "1.6.3"
  resolved "https://registry.yarnpkg.com/http-errors/-/http-errors-1.6.3.tgz#8b55680bb4be283a0b5bf4ea2e38580be1d9320d"
  integrity sha1-i1VoC7S+KDoLW/TqLjhYC+HZMg0=
  dependencies:
    depd "~1.1.2"
    inherits "2.0.3"
    setprototypeof "1.1.0"
    statuses ">= 1.4.0 < 2"

http-status-codes@^1.3.0:
  version "1.3.0"
  resolved "https://registry.yarnpkg.com/http-status-codes/-/http-status-codes-1.3.0.tgz#9cd0e71391773d0671b489d41cbc5094aa4163b6"
  integrity sha1-nNDnE5F3PQZxtInUHLxQlKpBY7Y=

inflight@^1.0.4:
  version "1.0.6"
  resolved "https://registry.yarnpkg.com/inflight/-/inflight-1.0.6.tgz#49bd6331d7d02d0c09bc910a1075ba8165b56df9"
  integrity sha1-Sb1jMdfQLQwJvJEKEHW6gWW1bfk=
  dependencies:
    once "^1.3.0"
    wrappy "1"

inherits@2, inherits@2.0.3, inherits@^2.0.3:
  version "2.0.3"
  resolved "https://registry.yarnpkg.com/inherits/-/inherits-2.0.3.tgz#633c2c83e3da42a502f52466022480f4208261de"
  integrity sha1-Yzwsg+PaQqUC9SRmAiSA9CCCYd4=

ipaddr.js@1.8.0:
  version "1.8.0"
  resolved "https://registry.yarnpkg.com/ipaddr.js/-/ipaddr.js-1.8.0.tgz#eaa33d6ddd7ace8f7f6fe0c9ca0440e706738b1e"
  integrity sha1-6qM9bd16zo9/b+DJygRA5wZzix4=

isarray@0.0.1:
  version "0.0.1"
  resolved "https://registry.yarnpkg.com/isarray/-/isarray-0.0.1.tgz#8a18acfca9a8f4177e09abfc6038939b05d1eedf"
  integrity sha1-ihis/Kmo9Bd+Cav8YDiTmwXR7t8=

js-tokens@^3.0.2:
  version "3.0.2"
  resolved "https://registry.yarnpkg.com/js-tokens/-/js-tokens-3.0.2.tgz#9866df395102130e38f7f996bceb65443209c25b"
  integrity sha1-mGbfOVECEw449/mWvOtlRDIJwls=

js-yaml@^3.7.0:
  version "3.12.1"
  resolved "https://registry.yarnpkg.com/js-yaml/-/js-yaml-3.12.1.tgz#295c8632a18a23e054cf5c9d3cecafe678167600"
  integrity sha512-um46hB9wNOKlwkHgiuyEVAybXBjwFUV0Z/RaHJblRd9DXltue9FTYvzCr9ErQrK9Adz5MU4gHWVaNUfdmrC8qA==
  dependencies:
    argparse "^1.0.7"
    esprima "^4.0.0"

json-schema-traverse@^0.4.1:
  version "0.4.1"
  resolved "https://registry.yarnpkg.com/json-schema-traverse/-/json-schema-traverse-0.4.1.tgz#69f6a87d9513ab8bb8fe63bdb0979c448e684660"
  integrity sha512-xbbCH5dCYU5T8LcEhhuh7HJ88HXuW3qsI3Y0zOZFKfZEHcpWiHU/Jxzk629Brsab/mMiHQti9wMP+845RPe3Vg==

light-my-request@^3.0.0:
  version "3.1.0"
  resolved "https://registry.yarnpkg.com/light-my-request/-/light-my-request-3.1.0.tgz#c2bc47c329622d4282cd34764f6f4dfbcbe73144"
  integrity sha512-ZSFO3XnQNSKsHR/E2ZMga5btdiIa3sNoT6CZIZ8Hr1VHJWBNcRRurVYpQlaJqvQqwg3aOl09QpVOnjB9ajnYHQ==
  dependencies:
    ajv "^6.0.0"
    readable-stream "^3.0.0"

lodash.get@^4.4.2:
  version "4.4.2"
  resolved "https://registry.yarnpkg.com/lodash.get/-/lodash.get-4.4.2.tgz#2d177f652fa31e939b4438d5341499dfa3825e99"
  integrity sha1-LRd/ZS+jHpObRDjVNBSZ36OCXpk=

lodash.omit@^4.5.0:
  version "4.5.0"
  resolved "https://registry.yarnpkg.com/lodash.omit/-/lodash.omit-4.5.0.tgz#6eb19ae5a1ee1dd9df0b969e66ce0b7fa30b5e60"
  integrity sha1-brGa5aHuHdnfC5aeZs4Lf6MLXmA=

lodash.set@^4.3.2:
  version "4.3.2"
  resolved "https://registry.yarnpkg.com/lodash.set/-/lodash.set-4.3.2.tgz#d8757b1da807dde24816b0d6a84bea1a76230b23"
  integrity sha1-2HV7HagH3eJIFrDWqEvqGnYjCyM=

lodash.upperfirst@^4.3.1:
  version "4.3.1"
  resolved "https://registry.yarnpkg.com/lodash.upperfirst/-/lodash.upperfirst-4.3.1.tgz#1365edf431480481ef0d1c68957a5ed99d49f7ce"
  integrity sha1-E2Xt9DFIBIHvDRxolXpe2Z1J984=

make-error@^1.1.1:
  version "1.3.5"
  resolved "https://registry.yarnpkg.com/make-error/-/make-error-1.3.5.tgz#efe4e81f6db28cadd605c70f29c831b58ef776c8"
  integrity sha512-c3sIjNUow0+8swNwVpqoH4YCShKNFkMaw6oH1mNS2haDZQqkeZFlHS3dhoeEbKKmJB4vXpJucU6oH75aDYeE9g==

middie@^4.0.0:
  version "4.0.1"
  resolved "https://registry.yarnpkg.com/middie/-/middie-4.0.1.tgz#24b4333034926ebd7831ed58766d050c1ce6300a"
  integrity sha512-eYK6EEHZiYpQMYPmeCb/vC9ZzJg1HCqi1ot/fQs1sPZKt/XREgXouQ7g6c9J5XvDV5203JjbpovCYNkHcHgTpQ==
  dependencies:
    path-to-regexp "^3.0.0"
    reusify "^1.0.2"

mime@1.4.1:
  version "1.4.1"
  resolved "https://registry.yarnpkg.com/mime/-/mime-1.4.1.tgz#121f9ebc49e3766f311a76e1fa1c8003c4b03aa6"
  integrity sha512-KI1+qOZu5DcW6wayYHSzR/tXKCDC5Om4s1z2QJjDULzLcmf3DvzS7oluY4HCTrc+9FiKmWUgeNLg7W3uIQvxtQ==

minimatch@^3.0.4:
  version "3.0.4"
  resolved "https://registry.yarnpkg.com/minimatch/-/minimatch-3.0.4.tgz#5166e286457f03306064be5497e8dbb0c3d32083"
  integrity sha512-yJHVQEhyqPLUTgt9B83PXu6W3rx4MvvHvSUvToogpwoGDOUQ+yDrR0HRot+yOCdCO7u4hX3pWft6kWBBcqh0UA==
  dependencies:
    brace-expansion "^1.1.7"

ms@2.0.0:
  version "2.0.0"
  resolved "https://registry.yarnpkg.com/ms/-/ms-2.0.0.tgz#5608aeadfc00be6c2901df5f9861788de0d597c8"
  integrity sha1-VgiurfwAvmwpAd9fmGF4jeDVl8g=

ms@^2.1.1:
  version "2.1.1"
  resolved "https://registry.yarnpkg.com/ms/-/ms-2.1.1.tgz#30a5864eb3ebb0a66f2ebe6d727af06a09d86e0a"
  integrity sha512-tgp+dl5cGk28utYktBsrFqA7HKgrhgPsg6Z/EfhWI4gl1Hwq8B/GmY/0oXZ6nF8hDVesS/FpnYaD/kOWhYQvyg==

on-finished@~2.3.0:
  version "2.3.0"
  resolved "https://registry.yarnpkg.com/on-finished/-/on-finished-2.3.0.tgz#20f1336481b083cd75337992a16971aa2d906947"
  integrity sha1-IPEzZIGwg811M3mSoWlxqi2QaUc=
  dependencies:
    ee-first "1.1.1"

once@^1.3.0, once@^1.4.0:
  version "1.4.0"
  resolved "https://registry.yarnpkg.com/once/-/once-1.4.0.tgz#583b1aa775961d4b113ac17d9c50baef9dd76bd1"
  integrity sha1-WDsap3WWHUsROsF9nFC6753Xa9E=
  dependencies:
    wrappy "1"

path-is-absolute@^1.0.0:
  version "1.0.1"
  resolved "https://registry.yarnpkg.com/path-is-absolute/-/path-is-absolute-1.0.1.tgz#174b9268735534ffbc7ace6bf53a5a9e1b5c5f5f"
  integrity sha1-F0uSaHNVNP+8es5r9TpanhtcX18=

path-parse@^1.0.6:
  version "1.0.6"
  resolved "https://registry.yarnpkg.com/path-parse/-/path-parse-1.0.6.tgz#d62dbb5679405d72c4737ec58600e9ddcf06d24c"
  integrity sha512-GSmOT2EbHrINBf9SR7CDELwlJ8AENk3Qn7OikK4nFYAu3Ote2+JYNVvkpAEQm3/TLNEJFD/xZJjzyxg3KBWOzw==

path-to-regexp@^3.0.0:
  version "3.0.0"
  resolved "https://registry.yarnpkg.com/path-to-regexp/-/path-to-regexp-3.0.0.tgz#c981a218f3df543fa28696be2f88e0c58d2e012a"
  integrity sha512-ZOtfhPttCrqp2M1PBBH4X13XlvnfhIwD7yCLx+GoGoXRPQyxGOTdQMpIzPSPKXAJT/JQrdfFrgdJOyAzvgpQ9A==

pino-std-serializers@^2.3.0:
  version "2.3.0"
  resolved "https://registry.yarnpkg.com/pino-std-serializers/-/pino-std-serializers-2.3.0.tgz#34eeaab97c055c28e22c0542ae55978e7e427786"
  integrity sha512-klfGoOsP6sJH7ON796G4xoUSx2fkpFgKHO4YVVO2zmz31jR+etzc/QzGJILaOIiCD6HTCFgkPx+XN8nk+ruqPw==

pino@^5.0.0:
  version "5.11.1"
  resolved "https://registry.yarnpkg.com/pino/-/pino-5.11.1.tgz#2d6d8edb7ebc7c354be03bfa04fd436352e1d67b"
  integrity sha512-NIua0mGb9Adknq35ONvQmvh93LCUVUjp2+1q1EcvIkJmpJnSd3E5rHVKlKNjzMXFl/z3fI+QA0xXCjPEKNiLvQ==
  dependencies:
    fast-redact "^1.4.2"
    fast-safe-stringify "^2.0.6"
    flatstr "^1.0.9"
    pino-std-serializers "^2.3.0"
    quick-format-unescaped "^3.0.0"
    sonic-boom "^0.7.1"

prettier@^1.16.1:
  version "1.16.1"
  resolved "https://registry.yarnpkg.com/prettier/-/prettier-1.16.1.tgz#534c2c9d7853f8845e5e078384e71973bd74089f"
  integrity sha512-XXUITwIkGb3CPJ2hforHah/zTINRyie5006Jd2HKy2qz7snEJXl0KLfsJZW/wst9g6R2rFvqba3VpNYdu1hDcA==

proxy-addr@^2.0.3:
  version "2.0.4"
  resolved "https://registry.yarnpkg.com/proxy-addr/-/proxy-addr-2.0.4.tgz#ecfc733bf22ff8c6f407fa275327b9ab67e48b93"
  integrity sha512-5erio2h9jp5CHGwcybmxmVqHmnCBZeewlfJ0pex+UW7Qny7OOZXTtH56TGNyBizkgiOwhJtMKrVzDTeKcySZwA==
  dependencies:
    forwarded "~0.1.2"
    ipaddr.js "1.8.0"

punycode@^2.1.0:
  version "2.1.1"
  resolved "https://registry.yarnpkg.com/punycode/-/punycode-2.1.1.tgz#b58b010ac40c22c5657616c8d2c2c02c7bf479ec"
  integrity sha512-XRsRjdf+j5ml+y/6GKHPZbrF/8p2Yga0JPtdqTIY2Xe5ohJPD9saDJJLPvp9+NSBprVvevdXZybnj2cv8OEd0A==

quick-format-unescaped@^3.0.0:
  version "3.0.1"
  resolved "https://registry.yarnpkg.com/quick-format-unescaped/-/quick-format-unescaped-3.0.1.tgz#e1e8526f6aa56dc5452926111461e85755f79acf"
  integrity sha512-Tnk4iJQ8x3V8ml3x9sLIf4tSDaVB9OJY/5gOrnxgK63CXKphhn8oYOPI4tqnXPQcZ3tCv7GFjeoYY5h6UAvuzg==

range-parser@~1.2.0:
  version "1.2.0"
  resolved "https://registry.yarnpkg.com/range-parser/-/range-parser-1.2.0.tgz#f49be6b487894ddc40dcc94a322f611092e00d5e"
  integrity sha1-9JvmtIeJTdxA3MlKMi9hEJLgDV4=

readable-stream@^3.0.0, readable-stream@^3.0.2:
  version "3.1.1"
  resolved "https://registry.yarnpkg.com/readable-stream/-/readable-stream-3.1.1.tgz#ed6bbc6c5ba58b090039ff18ce670515795aeb06"
  integrity sha512-DkN66hPyqDhnIQ6Jcsvx9bFjhw214O4poMBcIMgPVpQvNy9a0e0Uhg5SqySyDKAmUlwt8LonTBz1ezOnM8pUdA==
  dependencies:
    inherits "^2.0.3"
    string_decoder "^1.1.1"
    util-deprecate "^1.0.1"

resolve@^1.3.2:
  version "1.10.0"
  resolved "https://registry.yarnpkg.com/resolve/-/resolve-1.10.0.tgz#3bdaaeaf45cc07f375656dfd2e54ed0810b101ba"
  integrity sha512-3sUr9aq5OfSg2S9pNtPA9hL1FVEAjvfOC4leW0SNf/mpnaakz2a9femSd6LqAww2RaFctwyf1lCqnTHuF1rxDg==
  dependencies:
    path-parse "^1.0.6"

ret@~0.1.10:
  version "0.1.15"
  resolved "https://registry.yarnpkg.com/ret/-/ret-0.1.15.tgz#b8a4825d5bdb1fc3f6f53c2bc33f81388681c7bc"
  integrity sha512-TTlYpa+OL+vMMNG24xSlQGEJ3B/RzEfUlLct7b5G/ytav+wPrplCpVMFuwzXbkecJrb6IYo1iFb0S9v37754mg==

reusify@^1.0.0, reusify@^1.0.2:
  version "1.0.4"
  resolved "https://registry.yarnpkg.com/reusify/-/reusify-1.0.4.tgz#90da382b1e126efc02146e90845a88db12925d76"
  integrity sha512-U9nH88a3fc/ekCF1l0/UP1IosiuIjyTh7hBvXVMHYgVcfGvt897Xguj2UOLDeI5BG2m7/uwyaLVT6fbtCwTyzw==

safe-buffer@~5.1.0:
  version "5.1.2"
  resolved "https://registry.yarnpkg.com/safe-buffer/-/safe-buffer-5.1.2.tgz#991ec69d296e0313747d59bdfd2b745c35f8828d"
  integrity sha512-Gd2UZBJDkXlY7GbJxfsE8/nvKkUEU1G38c1siN6QP6a9PT9MmHB8GnpscSmMJSoF8LOIrt8ud/wPtojys4G6+g==

safe-regex@^1.1.0:
  version "1.1.0"
  resolved "https://registry.yarnpkg.com/safe-regex/-/safe-regex-1.1.0.tgz#40a3669f3b077d1e943d44629e157dd48023bf2e"
  integrity sha1-QKNmnzsHfR6UPURinhV91IAjvy4=
  dependencies:
    ret "~0.1.10"

semver-store@^0.3.0:
  version "0.3.0"
  resolved "https://registry.yarnpkg.com/semver-store/-/semver-store-0.3.0.tgz#ce602ff07df37080ec9f4fb40b29576547befbe9"
  integrity sha512-TcZvGMMy9vodEFSse30lWinkj+JgOBvPn8wRItpQRSayhc+4ssDs335uklkfvQQJgL/WvmHLVj4Ycv2s7QCQMg==

semver@^5.3.0, semver@^5.5.0:
  version "5.6.0"
  resolved "https://registry.yarnpkg.com/semver/-/semver-5.6.0.tgz#7e74256fbaa49c75aa7c7a205cc22799cac80004"
  integrity sha512-RS9R6R35NYgQn++fkDWaOmqGoj4Ek9gGs+DPxNUZKuwE183xjJroKvyo1IzVFeXvUrvmALy6FWD5xrdJT25gMg==

send@^0.16.0:
  version "0.16.2"
  resolved "https://registry.yarnpkg.com/send/-/send-0.16.2.tgz#6ecca1e0f8c156d141597559848df64730a6bbc1"
  integrity sha512-E64YFPUssFHEFBvpbbjr44NCLtI1AohxQ8ZSiJjQLskAdKuriYEP6VyGEsRDH8ScozGpkaX1BGvhanqCwkcEZw==
  dependencies:
    debug "2.6.9"
    depd "~1.1.2"
    destroy "~1.0.4"
    encodeurl "~1.0.2"
    escape-html "~1.0.3"
    etag "~1.8.1"
    fresh "0.5.2"
    http-errors "~1.6.2"
    mime "1.4.1"
    ms "2.0.0"
    on-finished "~2.3.0"
    range-parser "~1.2.0"
    statuses "~1.4.0"

setprototypeof@1.1.0:
  version "1.1.0"
  resolved "https://registry.yarnpkg.com/setprototypeof/-/setprototypeof-1.1.0.tgz#d0bd85536887b6fe7c0d818cb962d9d91c54e656"
  integrity sha512-BvE/TwpZX4FXExxOxZyRGQQv651MSwmWKZGqvmPcRIjDqWub67kTKuIMx43cZZrS/cBBzwBcNDWoFxt2XEFIpQ==

sonic-boom@^0.7.1:
  version "0.7.3"
  resolved "https://registry.yarnpkg.com/sonic-boom/-/sonic-boom-0.7.3.tgz#cbfc18e87c2b8078b00e38ad9475c05fce5ea696"
  integrity sha512-A9EyoIeLD+g9vMLYQKjNCatJtAKdBQMW03+L8ZWWX/A6hq+srRCwdqHrBD1R8oSMLXov3oHN13dljtZf12q2Ow==
  dependencies:
    flatstr "^1.0.9"

source-map-support@^0.5.6:
  version "0.5.10"
  resolved "https://registry.yarnpkg.com/source-map-support/-/source-map-support-0.5.10.tgz#2214080bc9d51832511ee2bab96e3c2f9353120c"
  integrity sha512-YfQ3tQFTK/yzlGJuX8pTwa4tifQj4QS2Mj7UegOu8jAz59MqIiMGPXxQhVQiIMNzayuUSF/jEuVnfFF5JqybmQ==
  dependencies:
    buffer-from "^1.0.0"
    source-map "^0.6.0"

source-map@^0.6.0:
  version "0.6.1"
  resolved "https://registry.yarnpkg.com/source-map/-/source-map-0.6.1.tgz#74722af32e9614e9c287a8d0bbde48b5e2f1a263"
  integrity sha512-UjgapumWlbMhkBgzT7Ykc5YXUT46F0iKu8SGXq0bcwP5dz/h0Plj6enJqjz1Zbq2l5WaqYnrVbwWOWMyF3F47g==

sprintf-js@~1.0.2:
  version "1.0.3"
  resolved "https://registry.yarnpkg.com/sprintf-js/-/sprintf-js-1.0.3.tgz#04e6926f662895354f3dd015203633b857297e2c"
  integrity sha1-BOaSb2YolTVPPdAVIDYzuFcpfiw=

"statuses@>= 1.4.0 < 2":
  version "1.5.0"
  resolved "https://registry.yarnpkg.com/statuses/-/statuses-1.5.0.tgz#161c7dac177659fd9811f43771fa99381478628c"
  integrity sha1-Fhx9rBd2Wf2YEfQ3cfqZOBR4Yow=

statuses@~1.4.0:
  version "1.4.0"
  resolved "https://registry.yarnpkg.com/statuses/-/statuses-1.4.0.tgz#bb73d446da2796106efcc1b601a253d6c46bd087"
  integrity sha512-zhSCtt8v2NDrRlPQpCNtw/heZLtfUDqxBM1udqikb/Hbk52LK4nQSwr10u77iopCW5LsyHpuXS0GnEc48mLeew==

string_decoder@^1.1.1:
  version "1.2.0"
  resolved "https://registry.yarnpkg.com/string_decoder/-/string_decoder-1.2.0.tgz#fe86e738b19544afe70469243b2a1ee9240eae8d"
  integrity sha512-6YqyX6ZWEYguAxgZzHGL7SsCeGx3V2TtOTqZz1xSTSWnqsbWwbptafNyvf/ACquZUXV3DANr5BDIwNYe1mN42w==
  dependencies:
    safe-buffer "~5.1.0"

strip-ansi@^3.0.0:
  version "3.0.1"
  resolved "https://registry.yarnpkg.com/strip-ansi/-/strip-ansi-3.0.1.tgz#6a385fb8853d952d5ff05d0e8aaf94278dc63dcf"
  integrity sha1-ajhfuIU9lS1f8F0Oiq+UJ43GPc8=
  dependencies:
    ansi-regex "^2.0.0"

supports-color@^2.0.0:
  version "2.0.0"
  resolved "https://registry.yarnpkg.com/supports-color/-/supports-color-2.0.0.tgz#535d045ce6b6363fa40117084629995e9df324c7"
  integrity sha1-U10EXOa2Nj+kARcIRimZXp3zJMc=

supports-color@^5.3.0:
  version "5.5.0"
  resolved "https://registry.yarnpkg.com/supports-color/-/supports-color-5.5.0.tgz#e2e69a44ac8772f78a1ec0b35b689df6530efc8f"
  integrity sha512-QjVjwdXIt408MIiAqCX4oUKsgU2EqAGzs2Ppkm4aQYbjm+ZEWEcW4SfFNTr4uMNZma0ey4f5lgLrkB0aX0QMow==
  dependencies:
    has-flag "^3.0.0"

swagger-ui-dist@^3.20.5:
  version "3.20.5"
  resolved "https://registry.yarnpkg.com/swagger-ui-dist/-/swagger-ui-dist-3.20.5.tgz#c8785f7a225d27217a497a8807210072d3dd23ff"
  integrity sha512-DNmJQ1qVkW8xk3wI2VfupOS7IYTHNjYaYX+L4s8B8ksdtoHOx3RsRqJUMIQByojHgb3PwEt+zGdIUwxJ4N5pwg==

tiny-lru@^5.0.1:
  version "5.1.4"
  resolved "https://registry.yarnpkg.com/tiny-lru/-/tiny-lru-5.1.4.tgz#2fcdd83da657b68e934a720c7e8abb4b4d0f3ccd"
  integrity sha512-nL3xvigiDg/NF/p+kOvaVUB9ZPuJncVes3++QXcCIyXlohKf1+xddq0aexNpV+O3Cz1+w1VEGQweqIUUKmiZRg==

ts-node@^8.0.1:
  version "8.0.2"
  resolved "https://registry.yarnpkg.com/ts-node/-/ts-node-8.0.2.tgz#9ecdf8d782a0ca4c80d1d641cbb236af4ac1b756"
  integrity sha512-MosTrinKmaAcWgO8tqMjMJB22h+sp3Rd1i4fdoWY4mhBDekOwIAKI/bzmRi7IcbCmjquccYg2gcF6NBkLgr0Tw==
  dependencies:
    arg "^4.1.0"
    diff "^3.1.0"
    make-error "^1.1.1"
    source-map-support "^0.5.6"
    yn "^3.0.0"

tslib@1.9.0:
  version "1.9.0"
  resolved "https://registry.yarnpkg.com/tslib/-/tslib-1.9.0.tgz#e37a86fda8cbbaf23a057f473c9f4dc64e5fc2e8"
  integrity sha512-f/qGG2tUkrISBlQZEjEqoZ3B2+npJjIf04H1wuAv9iA8i04Icp+61KRXxFdha22670NJopsZCIjhC3SnjPRKrQ==

tslib@^1.8.0, tslib@^1.8.1:
  version "1.9.3"
  resolved "https://registry.yarnpkg.com/tslib/-/tslib-1.9.3.tgz#d7e4dd79245d85428c4d7e4822a79917954ca286"
  integrity sha512-4krF8scpejhaOgqzBEcGM7yDIEfi0/8+8zDRZhNZZ2kjmHJ4hv3zCbQWxoJGz1iw5U0Jl0nma13xzHXcncMavQ==

tslint-config-standard@^8.0.1:
  version "8.0.1"
  resolved "https://registry.yarnpkg.com/tslint-config-standard/-/tslint-config-standard-8.0.1.tgz#e4dd3128e84b0e34b51990b68715a641f2b417e4"
  integrity sha512-OWG+NblgjQlVuUS/Dmq3ax2v5QDZwRx4L0kEuDi7qFY9UI6RJhhNfoCV1qI4el8Fw1c5a5BTrjQJP0/jhGXY/Q==
  dependencies:
    tslint-eslint-rules "^5.3.1"

tslint-eslint-rules@^5.3.1:
  version "5.4.0"
  resolved "https://registry.yarnpkg.com/tslint-eslint-rules/-/tslint-eslint-rules-5.4.0.tgz#e488cc9181bf193fe5cd7bfca213a7695f1737b5"
  integrity sha512-WlSXE+J2vY/VPgIcqQuijMQiel+UtmXS+4nvK4ZzlDiqBfXse8FAvkNnTcYhnQyOTW5KFM+uRRGXxYhFpuBc6w==
  dependencies:
    doctrine "0.7.2"
    tslib "1.9.0"
    tsutils "^3.0.0"

tslint-react@^3.6.0:
  version "3.6.0"
  resolved "https://registry.yarnpkg.com/tslint-react/-/tslint-react-3.6.0.tgz#7f462c95c4a0afaae82507f06517ff02942196a1"
  integrity sha512-AIv1QcsSnj7e9pFir6cJ6vIncTqxfqeFF3Lzh8SuuBljueYzEAtByuB6zMaD27BL0xhMEqsZ9s5eHuCONydjBw==
  dependencies:
    tsutils "^2.13.1"

tslint@^5.12.1:
  version "5.12.1"
  resolved "https://registry.yarnpkg.com/tslint/-/tslint-5.12.1.tgz#8cec9d454cf8a1de9b0a26d7bdbad6de362e52c1"
  integrity sha512-sfodBHOucFg6egff8d1BvuofoOQ/nOeYNfbp7LDlKBcLNrL3lmS5zoiDGyOMdT7YsEXAwWpTdAHwOGOc8eRZAw==
  dependencies:
    babel-code-frame "^6.22.0"
    builtin-modules "^1.1.1"
    chalk "^2.3.0"
    commander "^2.12.1"
    diff "^3.2.0"
    glob "^7.1.1"
    js-yaml "^3.7.0"
    minimatch "^3.0.4"
    resolve "^1.3.2"
    semver "^5.3.0"
    tslib "^1.8.0"
    tsutils "^2.27.2"

tsutils@^2.13.1, tsutils@^2.27.2:
  version "2.29.0"
  resolved "https://registry.yarnpkg.com/tsutils/-/tsutils-2.29.0.tgz#32b488501467acbedd4b85498673a0812aca0b99"
  integrity sha512-g5JVHCIJwzfISaXpXE1qvNalca5Jwob6FjI4AoPlqMusJ6ftFE7IkkFoMhVLRgK+4Kx3gkzb8UZK5t5yTTvEmA==
  dependencies:
    tslib "^1.8.1"

tsutils@^3.0.0:
  version "3.7.0"
  resolved "https://registry.yarnpkg.com/tsutils/-/tsutils-3.7.0.tgz#f97bdd2f109070bd1865467183e015b25734b477"
  integrity sha512-n+e+3q7Jx2kfZw7tjfI9axEIWBY0sFMOlC+1K70X0SeXpO/UYSB+PN+E9tIJNqViB7oiXQdqD7dNchnvoneZew==
  dependencies:
    tslib "^1.8.1"

typescript@^3.2.2, typescript@^3.2.4:
  version "3.2.4"
  resolved "https://registry.yarnpkg.com/typescript/-/typescript-3.2.4.tgz#c585cb952912263d915b462726ce244ba510ef3d"
  integrity sha512-0RNDbSdEokBeEAkgNbxJ+BLwSManFy9TeXz8uW+48j/xhEXv1ePME60olyzw2XzUqUBNAYFeJadIqAgNqIACwg==

uri-js@^4.2.2:
  version "4.2.2"
  resolved "https://registry.yarnpkg.com/uri-js/-/uri-js-4.2.2.tgz#94c540e1ff772956e2299507c010aea6c8838eb0"
  integrity sha512-KY9Frmirql91X2Qgjry0Wd4Y+YTdrdZheS8TFwvkbLWf/G5KNJDCh6pKL5OZctEW4+0Baa5idK2ZQuELRwPznQ==
  dependencies:
    punycode "^2.1.0"

util-deprecate@^1.0.1:
  version "1.0.2"
  resolved "https://registry.yarnpkg.com/util-deprecate/-/util-deprecate-1.0.2.tgz#450d4dc9fa70de732762fbd2d4a28981419a0ccf"
  integrity sha1-RQ1Nyfpw3nMnYvvS1KKJgUGaDM8=

wrappy@1:
  version "1.0.2"
  resolved "https://registry.yarnpkg.com/wrappy/-/wrappy-1.0.2.tgz#b5243d8f3ec1aa35f1364605bc0d1036e30ab69f"
  integrity sha1-tSQ9jz7BqjXxNkYFvA0QNuMKtp8=

yn@^3.0.0:
  version "3.0.0"
  resolved "https://registry.yarnpkg.com/yn/-/yn-3.0.0.tgz#0073c6b56e92aed652fbdfd62431f2d6b9a7a091"
  integrity sha512-+Wo/p5VRfxUgBUGy2j/6KX2mj9AYJWOHuhMjMcbBFc3y54o9/4buK1ksBvuiK01C3kby8DH9lSmJdSxw+4G/2Q==
